
Microsoft Visual Studio Solution File, Format Version 12.00
# Visual Studio 15
VisualStudioVersion = 15.0.27703.2035
MinimumVisualStudioVersion = 10.0.40219.1
Project("{8BC9CEB8-8B4A-11D0-8D11-00A0C91BC942}") = "template", "template\template.vcxproj", "{A31B13F6-CD77-40BE-AFB4-0C8E5663538A}"
EndProject
Project("{8BC9CEB8-8B4A-11D0-8D11-00A0C91BC942}") = "day1", "day1\day1.vcxproj", "{A9F49B0A-9286-4236-A466-757799407A15}"
EndProject
Project("{8BC9CEB8-8B4A-11D0-8D11-00A0C91BC942}") = "day2", "day2\day2.vcxproj", "{0EDAA7FD-9191-46E6-9652-07D60BB360F1}"
EndProject
Project("{8BC9CEB8-8B4A-11D0-8D11-00A0C91BC942}") = "day3", "day3\day3.vcxproj", "{80685472-2945-4731-997F-5E18C2708674}"
EndProject
Project("{8BC9CEB8-8B4A-11D0-8D11-00A0C91BC942}") = "day4", "day4\day4.vcxproj", "{62A0330D-118B-4E28-9C1E-9E1A2C851D6D}"
EndProject
Project("{8BC9CEB8-8B4A-11D0-8D11-00A0C91BC942}") = "day5", "day5\day5.vcxproj", "{1A652676-AD9A-4162-938D-1661CBDA41CB}"
EndProject
Global
	GlobalSection(SolutionConfigurationPlatforms) = preSolution
		Debug|x64 = Debug|x64
		Debug|x86 = Debug|x86
		Release|x64 = Release|x64
		Release|x86 = Release|x86
	EndGlobalSection
	GlobalSection(ProjectConfigurationPlatforms) = postSolution
		{A31B13F6-CD77-40BE-AFB4-0C8E5663538A}.Debug|x64.ActiveCfg = Debug|x64
		{A31B13F6-CD77-40BE-AFB4-0C8E5663538A}.Debug|x64.Build.0 = Debug|x64
		{A31B13F6-CD77-40BE-AFB4-0C8E5663538A}.Debug|x86.ActiveCfg = Debug|Win32
		{A31B13F6-CD77-40BE-AFB4-0C8E5663538A}.Debug|x86.Build.0 = Debug|Win32
		{A31B13F6-CD77-40BE-AFB4-0C8E5663538A}.Release|x64.ActiveCfg = Release|x64
		{A31B13F6-CD77-40BE-AFB4-0C8E5663538A}.Release|x64.Build.0 = Release|x64
		{A31B13F6-CD77-40BE-AFB4-0C8E5663538A}.Release|x86.ActiveCfg = Release|Win32
		{A31B13F6-CD77-40BE-AFB4-0C8E5663538A}.Release|x86.Build.0 = Release|Win32
		{A9F49B0A-9286-4236-A466-757799407A15}.Debug|x64.ActiveCfg = Debug|x64
		{A9F49B0A-9286-4236-A466-757799407A15}.Debug|x64.Build.0 = Debug|x64
		{A9F49B0A-9286-4236-A466-757799407A15}.Debug|x86.ActiveCfg = Debug|Win32
		{A9F49B0A-9286-4236-A466-757799407A15}.Debug|x86.Build.0 = Debug|Win32
		{A9F49B0A-9286-4236-A466-757799407A15}.Release|x64.ActiveCfg = Release|x64
		{A9F49B0A-9286-4236-A466-757799407A15}.Release|x64.Build.0 = Release|x64
		{A9F49B0A-9286-4236-A466-757799407A15}.Release|x86.ActiveCfg = Release|Win32
		{A9F49B0A-9286-4236-A466-757799407A15}.Release|x86.Build.0 = Release|Win32
		{0EDAA7FD-9191-46E6-9652-07D60BB360F1}.Debug|x64.ActiveCfg = Debug|x64
		{0EDAA7FD-9191-46E6-9652-07D60BB360F1}.Debug|x64.Build.0 = Debug|x64
		{0EDAA7FD-9191-46E6-9652-07D60BB360F1}.Debug|x86.ActiveCfg = Debug|Win32
		{0EDAA7FD-9191-46E6-9652-07D60BB360F1}.Debug|x86.Build.0 = Debug|Win32
		{0EDAA7FD-9191-46E6-9652-07D60BB360F1}.Release|x64.ActiveCfg = Release|x64
		{0EDAA7FD-9191-46E6-9652-07D60BB360F1}.Release|x64.Build.0 = Release|x64
		{0EDAA7FD-9191-46E6-9652-07D60BB360F1}.Release|x86.ActiveCfg = Release|Win32
		{0EDAA7FD-9191-46E6-9652-07D60BB360F1}.Release|x86.Build.0 = Release|Win32
		{80685472-2945-4731-997F-5E18C2708674}.Debug|x64.ActiveCfg = Debug|x64
		{80685472-2945-4731-997F-5E18C2708674}.Debug|x64.Build.0 = Debug|x64
		{80685472-2945-4731-997F-5E18C2708674}.Debug|x86.ActiveCfg = Debug|Win32
		{80685472-2945-4731-997F-5E18C2708674}.Debug|x86.Build.0 = Debug|Win32
		{80685472-2945-4731-997F-5E18C2708674}.Release|x64.ActiveCfg = Release|x64
		{80685472-2945-4731-997F-5E18C2708674}.Release|x64.Build.0 = Release|x64
		{80685472-2945-4731-997F-5E18C2708674}.Release|x86.ActiveCfg = Release|Win32
		{80685472-2945-4731-997F-5E18C2708674}.Release|x86.Build.0 = Release|Win32
		{62A0330D-118B-4E28-9C1E-9E1A2C851D6D}.Debug|x64.ActiveCfg = Debug|x64
		{62A0330D-118B-4E28-9C1E-9E1A2C851D6D}.Debug|x64.Build.0 = Debug|x64
		{62A0330D-118B-4E28-9C1E-9E1A2C851D6D}.Debug|x86.ActiveCfg = Debug|Win32
		{62A0330D-118B-4E28-9C1E-9E1A2C851D6D}.Debug|x86.Build.0 = Debug|Win32
		{62A0330D-118B-4E28-9C1E-9E1A2C851D6D}.Release|x64.ActiveCfg = Release|x64
		{62A0330D-118B-4E28-9C1E-9E1A2C851D6D}.Release|x64.Build.0 = Release|x64
		{62A0330D-118B-4E28-9C1E-9E1A2C851D6D}.Release|x86.ActiveCfg = Release|Win32
		{62A0330D-118B-4E28-9C1E-9E1A2C851D6D}.Release|x86.Build.0 = Release|Win32
		{1A652676-AD9A-4162-938D-1661CBDA41CB}.Debug|x64.ActiveCfg = Debug|x64
		{1A652676-AD9A-4162-938D-1661CBDA41CB}.Debug|x64.Build.0 = Debug|x64
		{1A652676-AD9A-4162-938D-1661CBDA41CB}.Debug|x86.ActiveCfg = Debug|Win32
		{1A652676-AD9A-4162-938D-1661CBDA41CB}.Debug|x86.Build.0 = Debug|Win32
		{1A652676-AD9A-4162-938D-1661CBDA41CB}.Release|x64.ActiveCfg = Release|x64
		{1A652676-AD9A-4162-938D-1661CBDA41CB}.Release|x64.Build.0 = Release|x64
		{1A652676-AD9A-4162-938D-1661CBDA41CB}.Release|x86.ActiveCfg = Release|Win32
		{1A652676-AD9A-4162-938D-1661CBDA41CB}.Release|x86.Build.0 = Release|Win32
	EndGlobalSection
	GlobalSection(SolutionProperties) = preSolution
		HideSolutionNode = FALSE
	EndGlobalSection
	GlobalSection(ExtensibilityGlobals) = postSolution
		SolutionGuid = {426B1BF6-5C4A-4508-8240-0D49644589B4}
	EndGlobalSection
EndGlobal
