
Microsoft Visual Studio Solution File, Format Version 12.00
# Visual Studio 15
VisualStudioVersion = 15.0.27703.2035
MinimumVisualStudioVersion = 10.0.40219.1
Project("{8BC9CEB8-8B4A-11D0-8D11-00A0C91BC942}") = "template", "template\template.vcxproj", "{A31B13F6-CD77-40BE-AFB4-0C8E5663538A}"
EndProject
Project("{8BC9CEB8-8B4A-11D0-8D11-00A0C91BC942}") = "day1", "day1\day1.vcxproj", "{A9F49B0A-9286-4236-A466-757799407A15}"
EndProject
Project("{8BC9CEB8-8B4A-11D0-8D11-00A0C91BC942}") = "day2", "day2\day2.vcxproj", "{0EDAA7FD-9191-46E6-9652-07D60BB360F1}"
EndProject
Project("{8BC9CEB8-8B4A-11D0-8D11-00A0C91BC942}") = "day3", "day3\day3.vcxproj", "{80685472-2945-4731-997F-5E18C2708674}"
EndProject
Project("{8BC9CEB8-8B4A-11D0-8D11-00A0C91BC942}") = "day4", "day4\day4.vcxproj", "{62A0330D-118B-4E28-9C1E-9E1A2C851D6D}"
EndProject
Project("{8BC9CEB8-8B4A-11D0-8D11-00A0C91BC942}") = "day5", "day5\day5.vcxproj", "{1A652676-AD9A-4162-938D-1661CBDA41CB}"
EndProject
Project("{8BC9CEB8-8B4A-11D0-8D11-00A0C91BC942}") = "day6", "day6\day6.vcxproj", "{D78B8616-DB05-4028-81E0-C9427F6845C6}"
EndProject
Project("{8BC9CEB8-8B4A-11D0-8D11-00A0C91BC942}") = "day7", "day7\day7.vcxproj", "{4E86E8D7-BE54-4BF2-A203-E270BCFF7CA7}"
EndProject
Project("{8BC9CEB8-8B4A-11D0-8D11-00A0C91BC942}") = "day8", "day8\day8.vcxproj", "{7D524148-7C92-4B60-A15F-66C344E7117C}"
EndProject
Project("{8BC9CEB8-8B4A-11D0-8D11-00A0C91BC942}") = "day9", "day9\day9.vcxproj", "{0F77C1B9-EDB0-4E39-8894-4771017B446A}"
EndProject
Project("{8BC9CEB8-8B4A-11D0-8D11-00A0C91BC942}") = "day10", "day10\day10.vcxproj", "{D765D68C-C1F8-4E22-BB17-AEF1D7F7DEBC}"
EndProject
Project("{8BC9CEB8-8B4A-11D0-8D11-00A0C91BC942}") = "day11", "day11\day11.vcxproj", "{5D3678A1-0881-4A06-B0D0-6AEE5CDE21FA}"
EndProject
Global
	GlobalSection(SolutionConfigurationPlatforms) = preSolution
		Debug|x64 = Debug|x64
		Debug|x86 = Debug|x86
		Release|x64 = Release|x64
		Release|x86 = Release|x86
	EndGlobalSection
	GlobalSection(ProjectConfigurationPlatforms) = postSolution
		{A31B13F6-CD77-40BE-AFB4-0C8E5663538A}.Debug|x64.ActiveCfg = Debug|x64
		{A31B13F6-CD77-40BE-AFB4-0C8E5663538A}.Debug|x64.Build.0 = Debug|x64
		{A31B13F6-CD77-40BE-AFB4-0C8E5663538A}.Debug|x86.ActiveCfg = Debug|Win32
		{A31B13F6-CD77-40BE-AFB4-0C8E5663538A}.Debug|x86.Build.0 = Debug|Win32
		{A31B13F6-CD77-40BE-AFB4-0C8E5663538A}.Release|x64.ActiveCfg = Release|x64
		{A31B13F6-CD77-40BE-AFB4-0C8E5663538A}.Release|x64.Build.0 = Release|x64
		{A31B13F6-CD77-40BE-AFB4-0C8E5663538A}.Release|x86.ActiveCfg = Release|Win32
		{A31B13F6-CD77-40BE-AFB4-0C8E5663538A}.Release|x86.Build.0 = Release|Win32
		{A9F49B0A-9286-4236-A466-757799407A15}.Debug|x64.ActiveCfg = Debug|x64
		{A9F49B0A-9286-4236-A466-757799407A15}.Debug|x64.Build.0 = Debug|x64
		{A9F49B0A-9286-4236-A466-757799407A15}.Debug|x86.ActiveCfg = Debug|Win32
		{A9F49B0A-9286-4236-A466-757799407A15}.Debug|x86.Build.0 = Debug|Win32
		{A9F49B0A-9286-4236-A466-757799407A15}.Release|x64.ActiveCfg = Release|x64
		{A9F49B0A-9286-4236-A466-757799407A15}.Release|x64.Build.0 = Release|x64
		{A9F49B0A-9286-4236-A466-757799407A15}.Release|x86.ActiveCfg = Release|Win32
		{A9F49B0A-9286-4236-A466-757799407A15}.Release|x86.Build.0 = Release|Win32
		{0EDAA7FD-9191-46E6-9652-07D60BB360F1}.Debug|x64.ActiveCfg = Debug|x64
		{0EDAA7FD-9191-46E6-9652-07D60BB360F1}.Debug|x64.Build.0 = Debug|x64
		{0EDAA7FD-9191-46E6-9652-07D60BB360F1}.Debug|x86.ActiveCfg = Debug|Win32
		{0EDAA7FD-9191-46E6-9652-07D60BB360F1}.Debug|x86.Build.0 = Debug|Win32
		{0EDAA7FD-9191-46E6-9652-07D60BB360F1}.Release|x64.ActiveCfg = Release|x64
		{0EDAA7FD-9191-46E6-9652-07D60BB360F1}.Release|x64.Build.0 = Release|x64
		{0EDAA7FD-9191-46E6-9652-07D60BB360F1}.Release|x86.ActiveCfg = Release|Win32
		{0EDAA7FD-9191-46E6-9652-07D60BB360F1}.Release|x86.Build.0 = Release|Win32
		{80685472-2945-4731-997F-5E18C2708674}.Debug|x64.ActiveCfg = Debug|x64
		{80685472-2945-4731-997F-5E18C2708674}.Debug|x64.Build.0 = Debug|x64
		{80685472-2945-4731-997F-5E18C2708674}.Debug|x86.ActiveCfg = Debug|Win32
		{80685472-2945-4731-997F-5E18C2708674}.Debug|x86.Build.0 = Debug|Win32
		{80685472-2945-4731-997F-5E18C2708674}.Release|x64.ActiveCfg = Release|x64
		{80685472-2945-4731-997F-5E18C2708674}.Release|x64.Build.0 = Release|x64
		{80685472-2945-4731-997F-5E18C2708674}.Release|x86.ActiveCfg = Release|Win32
		{80685472-2945-4731-997F-5E18C2708674}.Release|x86.Build.0 = Release|Win32
		{62A0330D-118B-4E28-9C1E-9E1A2C851D6D}.Debug|x64.ActiveCfg = Debug|x64
		{62A0330D-118B-4E28-9C1E-9E1A2C851D6D}.Debug|x64.Build.0 = Debug|x64
		{62A0330D-118B-4E28-9C1E-9E1A2C851D6D}.Debug|x86.ActiveCfg = Debug|Win32
		{62A0330D-118B-4E28-9C1E-9E1A2C851D6D}.Debug|x86.Build.0 = Debug|Win32
		{62A0330D-118B-4E28-9C1E-9E1A2C851D6D}.Release|x64.ActiveCfg = Release|x64
		{62A0330D-118B-4E28-9C1E-9E1A2C851D6D}.Release|x64.Build.0 = Release|x64
		{62A0330D-118B-4E28-9C1E-9E1A2C851D6D}.Release|x86.ActiveCfg = Release|Win32
		{62A0330D-118B-4E28-9C1E-9E1A2C851D6D}.Release|x86.Build.0 = Release|Win32
		{1A652676-AD9A-4162-938D-1661CBDA41CB}.Debug|x64.ActiveCfg = Debug|x64
		{1A652676-AD9A-4162-938D-1661CBDA41CB}.Debug|x64.Build.0 = Debug|x64
		{1A652676-AD9A-4162-938D-1661CBDA41CB}.Debug|x86.ActiveCfg = Debug|Win32
		{1A652676-AD9A-4162-938D-1661CBDA41CB}.Debug|x86.Build.0 = Debug|Win32
		{1A652676-AD9A-4162-938D-1661CBDA41CB}.Release|x64.ActiveCfg = Release|x64
		{1A652676-AD9A-4162-938D-1661CBDA41CB}.Release|x64.Build.0 = Release|x64
		{1A652676-AD9A-4162-938D-1661CBDA41CB}.Release|x86.ActiveCfg = Release|Win32
		{1A652676-AD9A-4162-938D-1661CBDA41CB}.Release|x86.Build.0 = Release|Win32
		{D78B8616-DB05-4028-81E0-C9427F6845C6}.Debug|x64.ActiveCfg = Debug|x64
		{D78B8616-DB05-4028-81E0-C9427F6845C6}.Debug|x64.Build.0 = Debug|x64
		{D78B8616-DB05-4028-81E0-C9427F6845C6}.Debug|x86.ActiveCfg = Debug|Win32
		{D78B8616-DB05-4028-81E0-C9427F6845C6}.Debug|x86.Build.0 = Debug|Win32
		{D78B8616-DB05-4028-81E0-C9427F6845C6}.Release|x64.ActiveCfg = Release|x64
		{D78B8616-DB05-4028-81E0-C9427F6845C6}.Release|x64.Build.0 = Release|x64
		{D78B8616-DB05-4028-81E0-C9427F6845C6}.Release|x86.ActiveCfg = Release|Win32
		{D78B8616-DB05-4028-81E0-C9427F6845C6}.Release|x86.Build.0 = Release|Win32
		{4E86E8D7-BE54-4BF2-A203-E270BCFF7CA7}.Debug|x64.ActiveCfg = Debug|x64
		{4E86E8D7-BE54-4BF2-A203-E270BCFF7CA7}.Debug|x64.Build.0 = Debug|x64
		{4E86E8D7-BE54-4BF2-A203-E270BCFF7CA7}.Debug|x86.ActiveCfg = Debug|Win32
		{4E86E8D7-BE54-4BF2-A203-E270BCFF7CA7}.Debug|x86.Build.0 = Debug|Win32
		{4E86E8D7-BE54-4BF2-A203-E270BCFF7CA7}.Release|x64.ActiveCfg = Release|x64
		{4E86E8D7-BE54-4BF2-A203-E270BCFF7CA7}.Release|x64.Build.0 = Release|x64
		{4E86E8D7-BE54-4BF2-A203-E270BCFF7CA7}.Release|x86.ActiveCfg = Release|Win32
		{4E86E8D7-BE54-4BF2-A203-E270BCFF7CA7}.Release|x86.Build.0 = Release|Win32
		{7D524148-7C92-4B60-A15F-66C344E7117C}.Debug|x64.ActiveCfg = Debug|x64
		{7D524148-7C92-4B60-A15F-66C344E7117C}.Debug|x64.Build.0 = Debug|x64
		{7D524148-7C92-4B60-A15F-66C344E7117C}.Debug|x86.ActiveCfg = Debug|Win32
		{7D524148-7C92-4B60-A15F-66C344E7117C}.Debug|x86.Build.0 = Debug|Win32
		{7D524148-7C92-4B60-A15F-66C344E7117C}.Release|x64.ActiveCfg = Release|x64
		{7D524148-7C92-4B60-A15F-66C344E7117C}.Release|x64.Build.0 = Release|x64
		{7D524148-7C92-4B60-A15F-66C344E7117C}.Release|x86.ActiveCfg = Release|Win32
		{7D524148-7C92-4B60-A15F-66C344E7117C}.Release|x86.Build.0 = Release|Win32
		{0F77C1B9-EDB0-4E39-8894-4771017B446A}.Debug|x64.ActiveCfg = Debug|x64
		{0F77C1B9-EDB0-4E39-8894-4771017B446A}.Debug|x64.Build.0 = Debug|x64
		{0F77C1B9-EDB0-4E39-8894-4771017B446A}.Debug|x86.ActiveCfg = Debug|Win32
		{0F77C1B9-EDB0-4E39-8894-4771017B446A}.Debug|x86.Build.0 = Debug|Win32
		{0F77C1B9-EDB0-4E39-8894-4771017B446A}.Release|x64.ActiveCfg = Release|x64
		{0F77C1B9-EDB0-4E39-8894-4771017B446A}.Release|x64.Build.0 = Release|x64
		{0F77C1B9-EDB0-4E39-8894-4771017B446A}.Release|x86.ActiveCfg = Release|Win32
		{0F77C1B9-EDB0-4E39-8894-4771017B446A}.Release|x86.Build.0 = Release|Win32
		{D765D68C-C1F8-4E22-BB17-AEF1D7F7DEBC}.Debug|x64.ActiveCfg = Debug|x64
		{D765D68C-C1F8-4E22-BB17-AEF1D7F7DEBC}.Debug|x64.Build.0 = Debug|x64
		{D765D68C-C1F8-4E22-BB17-AEF1D7F7DEBC}.Debug|x86.ActiveCfg = Debug|Win32
		{D765D68C-C1F8-4E22-BB17-AEF1D7F7DEBC}.Debug|x86.Build.0 = Debug|Win32
		{D765D68C-C1F8-4E22-BB17-AEF1D7F7DEBC}.Release|x64.ActiveCfg = Release|x64
		{D765D68C-C1F8-4E22-BB17-AEF1D7F7DEBC}.Release|x64.Build.0 = Release|x64
		{D765D68C-C1F8-4E22-BB17-AEF1D7F7DEBC}.Release|x86.ActiveCfg = Release|Win32
		{D765D68C-C1F8-4E22-BB17-AEF1D7F7DEBC}.Release|x86.Build.0 = Release|Win32
		{5D3678A1-0881-4A06-B0D0-6AEE5CDE21FA}.Debug|x64.ActiveCfg = Debug|x64
		{5D3678A1-0881-4A06-B0D0-6AEE5CDE21FA}.Debug|x64.Build.0 = Debug|x64
		{5D3678A1-0881-4A06-B0D0-6AEE5CDE21FA}.Debug|x86.ActiveCfg = Debug|Win32
		{5D3678A1-0881-4A06-B0D0-6AEE5CDE21FA}.Debug|x86.Build.0 = Debug|Win32
		{5D3678A1-0881-4A06-B0D0-6AEE5CDE21FA}.Release|x64.ActiveCfg = Release|x64
		{5D3678A1-0881-4A06-B0D0-6AEE5CDE21FA}.Release|x64.Build.0 = Release|x64
		{5D3678A1-0881-4A06-B0D0-6AEE5CDE21FA}.Release|x86.ActiveCfg = Release|Win32
		{5D3678A1-0881-4A06-B0D0-6AEE5CDE21FA}.Release|x86.Build.0 = Release|Win32
	EndGlobalSection
	GlobalSection(SolutionProperties) = preSolution
		HideSolutionNode = FALSE
	EndGlobalSection
	GlobalSection(ExtensibilityGlobals) = postSolution
		SolutionGuid = {426B1BF6-5C4A-4508-8240-0D49644589B4}
	EndGlobalSection
EndGlobal
